
Microsoft Visual Studio Solution File, Format Version 12.00
# Visual Studio Version 17
VisualStudioVersion = 17.3.32825.248
MinimumVisualStudioVersion = 10.0.40219.1
Project("{FAE04EC0-301F-11D3-BF4B-00C04F79EFBC}") = "Host and IP Window", "Host and IP Window\Host and IP Window.csproj", "{7F04940F-A8F3-4177-99A7-EB273789A28E}"
EndProject
Global
	GlobalSection(SolutionConfigurationPlatforms) = preSolution
		Debug|Any CPU = Debug|Any CPU
		Release|Any CPU = Release|Any CPU
	EndGlobalSection
	GlobalSection(ProjectConfigurationPlatforms) = postSolution
		{7F04940F-A8F3-4177-99A7-EB273789A28E}.Debug|Any CPU.ActiveCfg = Debug|Any CPU
		{7F04940F-A8F3-4177-99A7-EB273789A28E}.Debug|Any CPU.Build.0 = Debug|Any CPU
		{7F04940F-A8F3-4177-99A7-EB273789A28E}.Release|Any CPU.ActiveCfg = Release|Any CPU
		{7F04940F-A8F3-4177-99A7-EB273789A28E}.Release|Any CPU.Build.0 = Release|Any CPU
	EndGlobalSection
	GlobalSection(SolutionProperties) = preSolution
		HideSolutionNode = FALSE
	EndGlobalSection
	GlobalSection(ExtensibilityGlobals) = postSolution
		SolutionGuid = {814D6575-2556-42BE-BE1A-CA160E00D949}
	EndGlobalSection
EndGlobal
